
Microsoft Visual Studio Solution File, Format Version 12.00
# Visual Studio 15
VisualStudioVersion = 15.0.27130.2010
MinimumVisualStudioVersion = 10.0.40219.1
Project("{FAE04EC0-301F-11D3-BF4B-00C04F79EFBC}") = "MvcMovie", "MvcMovie\MvcMovie.csproj", "{3E23B9ED-0F81-4972-A07E-A600E8310A1E}"
EndProject
Global
	GlobalSection(SolutionConfigurationPlatforms) = preSolution
		Debug|Any CPU = Debug|Any CPU
		Release|Any CPU = Release|Any CPU
	EndGlobalSection
	GlobalSection(ProjectConfigurationPlatforms) = postSolution
		{3E23B9ED-0F81-4972-A07E-A600E8310A1E}.Debug|Any CPU.ActiveCfg = Debug|Any CPU
		{3E23B9ED-0F81-4972-A07E-A600E8310A1E}.Debug|Any CPU.Build.0 = Debug|Any CPU
		{3E23B9ED-0F81-4972-A07E-A600E8310A1E}.Release|Any CPU.ActiveCfg = Release|Any CPU
		{3E23B9ED-0F81-4972-A07E-A600E8310A1E}.Release|Any CPU.Build.0 = Release|Any CPU
	EndGlobalSection
	GlobalSection(SolutionProperties) = preSolution
		HideSolutionNode = FALSE
	EndGlobalSection
	GlobalSection(ExtensibilityGlobals) = postSolution
		SolutionGuid = {8907EDF2-2E1C-43C4-939C-B6865E0ED687}
	EndGlobalSection
EndGlobal
